
Microsoft Visual Studio Solution File, Format Version 12.00
# Visual Studio Version 17
VisualStudioVersion = 17.0.32014.148
MinimumVisualStudioVersion = 10.0.40219.1
Project("{2150E333-8FDC-42A3-9474-1A3956D46DE8}") = "src", "src", "{22BB1C43-F64D-489E-9B2E-5664A8635750}"
EndProject
Project("{2150E333-8FDC-42A3-9474-1A3956D46DE8}") = "Core", "Core", "{0D572E05-E717-4B27-A877-B89C092323F9}"
EndProject
Project("{2150E333-8FDC-42A3-9474-1A3956D46DE8}") = "Infrastructure", "Infrastructure", "{F6F44460-7001-4183-975C-F5C2197BF733}"
EndProject
Project("{9A19103F-16F7-4668-BE54-9A1E7A4F7556}") = "NeoSoft.A2Zfiling.Application", "NeoSoft.A2Zfiling\src\Core\NeoSoft.A2Zfiling.Application\NeoSoft.A2Zfiling.Application.csproj", "{8C0826F3-32E3-45F1-9E93-97C8754E7D22}"
EndProject
Project("{9A19103F-16F7-4668-BE54-9A1E7A4F7556}") = "NeoSoft.A2Zfiling.Domain", "NeoSoft.A2Zfiling\src\Core\NeoSoft.A2Zfiling.Domain\NeoSoft.A2Zfiling.Domain.csproj", "{845A14D3-ABFA-416C-B526-B16BBBD2F1CE}"
EndProject
Project("{9A19103F-16F7-4668-BE54-9A1E7A4F7556}") = "NeoSoft.A2Zfiling.Infrastructure", "NeoSoft.A2Zfiling\src\Infrastructure\NeoSoft.A2Zfiling.Infrastructure\NeoSoft.A2Zfiling.Infrastructure.csproj", "{EAADA8E3-4A9B-419E-94DB-AA51D049B23B}"
EndProject
Project("{9A19103F-16F7-4668-BE54-9A1E7A4F7556}") = "NeoSoft.A2Zfiling.Persistence", "NeoSoft.A2Zfiling\src\Infrastructure\NeoSoft.A2Zfiling.Persistence\NeoSoft.A2Zfiling.Persistence.csproj", "{9656F409-C8BE-4677-AC4E-67E3F1752DCF}"
EndProject
Project("{2150E333-8FDC-42A3-9474-1A3956D46DE8}") = "test", "test", "{385B6B08-AFF5-4391-B6AF-EA422EC506E5}"
EndProject
Project("{9A19103F-16F7-4668-BE54-9A1E7A4F7556}") = "NeoSoft.A2Zfiling.Application.UnitTests", "NeoSoft.A2Zfiling\test\NeoSoft.A2Zfiling.Application.UnitTests\NeoSoft.A2Zfiling.Application.UnitTests.csproj", "{44D3AA05-011E-44C6-8173-0D7916D169D4}"
EndProject
Project("{9A19103F-16F7-4668-BE54-9A1E7A4F7556}") = "NeoSoft.A2Zfiling.Infrastructure.UnitTests", "NeoSoft.A2Zfiling\test\NeoSoft.A2Zfiling.Infrastructure.UnitTests\NeoSoft.A2Zfiling.Infrastructure.UnitTests.csproj", "{FB51FFA1-36B5-4EC3-AC60-0D757B50939C}"
EndProject
Project("{2150E333-8FDC-42A3-9474-1A3956D46DE8}") = "API", "API", "{753AE031-CF69-409D-8332-A662BD420A2E}"
EndProject
Project("{9A19103F-16F7-4668-BE54-9A1E7A4F7556}") = "NeoSoft.A2Zfiling.Api", "NeoSoft.A2Zfiling\src\API\NeoSoft.A2Zfiling.Api\NeoSoft.A2Zfiling.Api.csproj", "{40848D39-360F-4B1A-85CD-027B56CAF239}"
EndProject
Project("{9A19103F-16F7-4668-BE54-9A1E7A4F7556}") = "NeoSoft.A2Zfiling.API.IntegrationTests", "NeoSoft.A2Zfiling\test\NeoSoft.A2Zfiling.API.IntegrationTests\NeoSoft.A2Zfiling.API.IntegrationTests.csproj", "{6E41462A-2BF5-4638-931B-C3FB249A0EE4}"
EndProject
Project("{9A19103F-16F7-4668-BE54-9A1E7A4F7556}") = "NeoSoft.A2Zfiling.API.UnitTests", "NeoSoft.A2Zfiling\test\NeoSoft.A2Zfiling.API.UnitTests\NeoSoft.A2Zfiling.API.UnitTests.csproj", "{93479B41-4B60-4939-8FFD-8D95ED90BE87}"
EndProject
Project("{9A19103F-16F7-4668-BE54-9A1E7A4F7556}") = "NeoSoft.A2Zfiling.Auth", "NeoSoft.A2Zfiling\src\Infrastructure\NeoSoft.A2Zfiling.Auth\NeoSoft.A2Zfiling.Auth.csproj", "{3DB29F0D-3622-4E3B-84E6-02FECD8DECE8}"
EndProject
Project("{9A19103F-16F7-4668-BE54-9A1E7A4F7556}") = "NeoSoft.A2ZFiling.UI", "NeoSoft.A2ZFiling.UI\NeoSoft.A2ZFiling.UI.csproj", "{7BE1BB74-92FA-4095-82EE-2B3A9DC75DCE}"
EndProject
Global
	GlobalSection(SolutionConfigurationPlatforms) = preSolution
		Debug|Any CPU = Debug|Any CPU
		Release|Any CPU = Release|Any CPU
	EndGlobalSection
	GlobalSection(ProjectConfigurationPlatforms) = postSolution
		{8C0826F3-32E3-45F1-9E93-97C8754E7D22}.Debug|Any CPU.ActiveCfg = Debug|Any CPU
		{8C0826F3-32E3-45F1-9E93-97C8754E7D22}.Debug|Any CPU.Build.0 = Debug|Any CPU
		{8C0826F3-32E3-45F1-9E93-97C8754E7D22}.Release|Any CPU.ActiveCfg = Release|Any CPU
		{8C0826F3-32E3-45F1-9E93-97C8754E7D22}.Release|Any CPU.Build.0 = Release|Any CPU
		{845A14D3-ABFA-416C-B526-B16BBBD2F1CE}.Debug|Any CPU.ActiveCfg = Debug|Any CPU
		{845A14D3-ABFA-416C-B526-B16BBBD2F1CE}.Debug|Any CPU.Build.0 = Debug|Any CPU
		{845A14D3-ABFA-416C-B526-B16BBBD2F1CE}.Release|Any CPU.ActiveCfg = Release|Any CPU
		{845A14D3-ABFA-416C-B526-B16BBBD2F1CE}.Release|Any CPU.Build.0 = Release|Any CPU
		{EAADA8E3-4A9B-419E-94DB-AA51D049B23B}.Debug|Any CPU.ActiveCfg = Debug|Any CPU
		{EAADA8E3-4A9B-419E-94DB-AA51D049B23B}.Debug|Any CPU.Build.0 = Debug|Any CPU
		{EAADA8E3-4A9B-419E-94DB-AA51D049B23B}.Release|Any CPU.ActiveCfg = Release|Any CPU
		{EAADA8E3-4A9B-419E-94DB-AA51D049B23B}.Release|Any CPU.Build.0 = Release|Any CPU
		{9656F409-C8BE-4677-AC4E-67E3F1752DCF}.Debug|Any CPU.ActiveCfg = Debug|Any CPU
		{9656F409-C8BE-4677-AC4E-67E3F1752DCF}.Debug|Any CPU.Build.0 = Debug|Any CPU
		{9656F409-C8BE-4677-AC4E-67E3F1752DCF}.Release|Any CPU.ActiveCfg = Release|Any CPU
		{9656F409-C8BE-4677-AC4E-67E3F1752DCF}.Release|Any CPU.Build.0 = Release|Any CPU
		{44D3AA05-011E-44C6-8173-0D7916D169D4}.Debug|Any CPU.ActiveCfg = Debug|Any CPU
		{44D3AA05-011E-44C6-8173-0D7916D169D4}.Debug|Any CPU.Build.0 = Debug|Any CPU
		{44D3AA05-011E-44C6-8173-0D7916D169D4}.Release|Any CPU.ActiveCfg = Release|Any CPU
		{44D3AA05-011E-44C6-8173-0D7916D169D4}.Release|Any CPU.Build.0 = Release|Any CPU
		{FB51FFA1-36B5-4EC3-AC60-0D757B50939C}.Debug|Any CPU.ActiveCfg = Debug|Any CPU
		{FB51FFA1-36B5-4EC3-AC60-0D757B50939C}.Debug|Any CPU.Build.0 = Debug|Any CPU
		{FB51FFA1-36B5-4EC3-AC60-0D757B50939C}.Release|Any CPU.ActiveCfg = Release|Any CPU
		{FB51FFA1-36B5-4EC3-AC60-0D757B50939C}.Release|Any CPU.Build.0 = Release|Any CPU
		{40848D39-360F-4B1A-85CD-027B56CAF239}.Debug|Any CPU.ActiveCfg = Debug|Any CPU
		{40848D39-360F-4B1A-85CD-027B56CAF239}.Debug|Any CPU.Build.0 = Debug|Any CPU
		{40848D39-360F-4B1A-85CD-027B56CAF239}.Release|Any CPU.ActiveCfg = Release|Any CPU
		{40848D39-360F-4B1A-85CD-027B56CAF239}.Release|Any CPU.Build.0 = Release|Any CPU
		{6E41462A-2BF5-4638-931B-C3FB249A0EE4}.Debug|Any CPU.ActiveCfg = Debug|Any CPU
		{6E41462A-2BF5-4638-931B-C3FB249A0EE4}.Debug|Any CPU.Build.0 = Debug|Any CPU
		{6E41462A-2BF5-4638-931B-C3FB249A0EE4}.Release|Any CPU.ActiveCfg = Release|Any CPU
		{6E41462A-2BF5-4638-931B-C3FB249A0EE4}.Release|Any CPU.Build.0 = Release|Any CPU
		{93479B41-4B60-4939-8FFD-8D95ED90BE87}.Debug|Any CPU.ActiveCfg = Debug|Any CPU
		{93479B41-4B60-4939-8FFD-8D95ED90BE87}.Debug|Any CPU.Build.0 = Debug|Any CPU
		{93479B41-4B60-4939-8FFD-8D95ED90BE87}.Release|Any CPU.ActiveCfg = Release|Any CPU
		{93479B41-4B60-4939-8FFD-8D95ED90BE87}.Release|Any CPU.Build.0 = Release|Any CPU
		{3DB29F0D-3622-4E3B-84E6-02FECD8DECE8}.Debug|Any CPU.ActiveCfg = Debug|Any CPU
		{3DB29F0D-3622-4E3B-84E6-02FECD8DECE8}.Debug|Any CPU.Build.0 = Debug|Any CPU
		{3DB29F0D-3622-4E3B-84E6-02FECD8DECE8}.Release|Any CPU.ActiveCfg = Release|Any CPU
		{3DB29F0D-3622-4E3B-84E6-02FECD8DECE8}.Release|Any CPU.Build.0 = Release|Any CPU
		{7BE1BB74-92FA-4095-82EE-2B3A9DC75DCE}.Debug|Any CPU.ActiveCfg = Debug|Any CPU
		{7BE1BB74-92FA-4095-82EE-2B3A9DC75DCE}.Debug|Any CPU.Build.0 = Debug|Any CPU
		{7BE1BB74-92FA-4095-82EE-2B3A9DC75DCE}.Release|Any CPU.ActiveCfg = Release|Any CPU
		{7BE1BB74-92FA-4095-82EE-2B3A9DC75DCE}.Release|Any CPU.Build.0 = Release|Any CPU
	EndGlobalSection
	GlobalSection(SolutionProperties) = preSolution
		HideSolutionNode = FALSE
	EndGlobalSection
	GlobalSection(NestedProjects) = preSolution
		{0D572E05-E717-4B27-A877-B89C092323F9} = {22BB1C43-F64D-489E-9B2E-5664A8635750}
		{F6F44460-7001-4183-975C-F5C2197BF733} = {22BB1C43-F64D-489E-9B2E-5664A8635750}
		{8C0826F3-32E3-45F1-9E93-97C8754E7D22} = {0D572E05-E717-4B27-A877-B89C092323F9}
		{845A14D3-ABFA-416C-B526-B16BBBD2F1CE} = {0D572E05-E717-4B27-A877-B89C092323F9}
		{EAADA8E3-4A9B-419E-94DB-AA51D049B23B} = {F6F44460-7001-4183-975C-F5C2197BF733}
		{9656F409-C8BE-4677-AC4E-67E3F1752DCF} = {F6F44460-7001-4183-975C-F5C2197BF733}
		{44D3AA05-011E-44C6-8173-0D7916D169D4} = {385B6B08-AFF5-4391-B6AF-EA422EC506E5}
		{FB51FFA1-36B5-4EC3-AC60-0D757B50939C} = {385B6B08-AFF5-4391-B6AF-EA422EC506E5}
		{753AE031-CF69-409D-8332-A662BD420A2E} = {22BB1C43-F64D-489E-9B2E-5664A8635750}
		{40848D39-360F-4B1A-85CD-027B56CAF239} = {753AE031-CF69-409D-8332-A662BD420A2E}
		{6E41462A-2BF5-4638-931B-C3FB249A0EE4} = {385B6B08-AFF5-4391-B6AF-EA422EC506E5}
		{93479B41-4B60-4939-8FFD-8D95ED90BE87} = {385B6B08-AFF5-4391-B6AF-EA422EC506E5}
		{3DB29F0D-3622-4E3B-84E6-02FECD8DECE8} = {F6F44460-7001-4183-975C-F5C2197BF733}
	EndGlobalSection
	GlobalSection(ExtensibilityGlobals) = postSolution
		SolutionGuid = {920EDF2B-79D6-48A5-AF80-5C4256675664}
	EndGlobalSection
EndGlobal
